// !$*UTF8*$!
{
	archiveVersion = 1;
	classes = {
	};
	objectVersion = 55;
	objects = {

/* Begin PBXBuildFile section */
		F4EBC25928B2F479003A6469 /* AppDelegate.swift in Sources */ = {isa = PBXBuildFile; fileRef = F4EBC25828B2F479003A6469 /* AppDelegate.swift */; };
		F4EBC25B28B2F479003A6469 /* SceneDelegate.swift in Sources */ = {isa = PBXBuildFile; fileRef = F4EBC25A28B2F479003A6469 /* SceneDelegate.swift */; };
		F4EBC25D28B2F479003A6469 /* ViewController.swift in Sources */ = {isa = PBXBuildFile; fileRef = F4EBC25C28B2F479003A6469 /* ViewController.swift */; };
		F4EBC26028B2F479003A6469 /* Main.storyboard in Resources */ = {isa = PBXBuildFile; fileRef = F4EBC25E28B2F479003A6469 /* Main.storyboard */; };
		F4EBC26228B2F47B003A6469 /* Assets.xcassets in Resources */ = {isa = PBXBuildFile; fileRef = F4EBC26128B2F47B003A6469 /* Assets.xcassets */; };
		F4EBC26528B2F47B003A6469 /* LaunchScreen.storyboard in Resources */ = {isa = PBXBuildFile; fileRef = F4EBC26328B2F47B003A6469 /* LaunchScreen.storyboard */; };
		F4EBC27028B2F47B003A6469 /* ARTest1Tests.swift in Sources */ = {isa = PBXBuildFile; fileRef = F4EBC26F28B2F47B003A6469 /* ARTest1Tests.swift */; };
		F4EBC27A28B2F47B003A6469 /* ARTest1UITests.swift in Sources */ = {isa = PBXBuildFile; fileRef = F4EBC27928B2F47B003A6469 /* ARTest1UITests.swift */; };
		F4EBC27C28B2F47B003A6469 /* ARTest1UITestsLaunchTests.swift in Sources */ = {isa = PBXBuildFile; fileRef = F4EBC27B28B2F47B003A6469 /* ARTest1UITestsLaunchTests.swift */; };
/* End PBXBuildFile section */

/* Begin PBXContainerItemProxy section */
		F4EBC26C28B2F47B003A6469 /* PBXContainerItemProxy */ = {
			isa = PBXContainerItemProxy;
			containerPortal = F4EBC24D28B2F479003A6469 /* Project object */;
			proxyType = 1;
			remoteGlobalIDString = F4EBC25428B2F479003A6469;
			remoteInfo = ARTest1;
		};
		F4EBC27628B2F47B003A6469 /* PBXContainerItemProxy */ = {
			isa = PBXContainerItemProxy;
			containerPortal = F4EBC24D28B2F479003A6469 /* Project object */;
			proxyType = 1;
			remoteGlobalIDString = F4EBC25428B2F479003A6469;
			remoteInfo = ARTest1;
		};
/* End PBXContainerItemProxy section */

/* Begin PBXFileReference section */
		F4EBC25528B2F479003A6469 /* ARTest1.app */ = {isa = PBXFileReference; explicitFileType = wrapper.application; includeInIndex = 0; path = ARTest1.app; sourceTree = BUILT_PRODUCTS_DIR; };
		F4EBC25828B2F479003A6469 /* AppDelegate.swift */ = {isa = PBXFileReference; lastKnownFileType = sourcecode.swift; path = AppDelegate.swift; sourceTree = "<group>"; };
		F4EBC25A28B2F479003A6469 /* SceneDelegate.swift */ = {isa = PBXFileReference; lastKnownFileType = sourcecode.swift; path = SceneDelegate.swift; sourceTree = "<group>"; };
		F4EBC25C28B2F479003A6469 /* ViewController.swift */ = {isa = PBXFileReference; lastKnownFileType = sourcecode.swift; path = ViewController.swift; sourceTree = "<group>"; };
		F4EBC25F28B2F479003A6469 /* Base */ = {isa = PBXFileReference; lastKnownFileType = file.storyboard; name = Base; path = Base.lproj/Main.storyboard; sourceTree = "<group>"; };
		F4EBC26128B2F47B003A6469 /* Assets.xcassets */ = {isa = PBXFileReference; lastKnownFileType = folder.assetcatalog; path = Assets.xcassets; sourceTree = "<group>"; };
		F4EBC26428B2F47B003A6469 /* Base */ = {isa = PBXFileReference; lastKnownFileType = file.storyboard; name = Base; path = Base.lproj/LaunchScreen.storyboard; sourceTree = "<group>"; };
		F4EBC26628B2F47B003A6469 /* Info.plist */ = {isa = PBXFileReference; lastKnownFileType = text.plist.xml; path = Info.plist; sourceTree = "<group>"; };
		F4EBC26B28B2F47B003A6469 /* ARTest1Tests.xctest */ = {isa = PBXFileReference; explicitFileType = wrapper.cfbundle; includeInIndex = 0; path = ARTest1Tests.xctest; sourceTree = BUILT_PRODUCTS_DIR; };
		F4EBC26F28B2F47B003A6469 /* ARTest1Tests.swift */ = {isa = PBXFileReference; lastKnownFileType = sourcecode.swift; path = ARTest1Tests.swift; sourceTree = "<group>"; };
		F4EBC27528B2F47B003A6469 /* ARTest1UITests.xctest */ = {isa = PBXFileReference; explicitFileType = wrapper.cfbundle; includeInIndex = 0; path = ARTest1UITests.xctest; sourceTree = BUILT_PRODUCTS_DIR; };
		F4EBC27928B2F47B003A6469 /* ARTest1UITests.swift */ = {isa = PBXFileReference; lastKnownFileType = sourcecode.swift; path = ARTest1UITests.swift; sourceTree = "<group>"; };
		F4EBC27B28B2F47B003A6469 /* ARTest1UITestsLaunchTests.swift */ = {isa = PBXFileReference; lastKnownFileType = sourcecode.swift; path = ARTest1UITestsLaunchTests.swift; sourceTree = "<group>"; };
/* End PBXFileReference section */

/* Begin PBXFrameworksBuildPhase section */
		F4EBC25228B2F479003A6469 /* Frameworks */ = {
			isa = PBXFrameworksBuildPhase;
			buildActionMask = 2147483647;
			files = (
			);
			runOnlyForDeploymentPostprocessing = 0;
		};
		F4EBC26828B2F47B003A6469 /* Frameworks */ = {
			isa = PBXFrameworksBuildPhase;
			buildActionMask = 2147483647;
			files = (
			);
			runOnlyForDeploymentPostprocessing = 0;
		};
		F4EBC27228B2F47B003A6469 /* Frameworks */ = {
			isa = PBXFrameworksBuildPhase;
			buildActionMask = 2147483647;
			files = (
			);
			runOnlyForDeploymentPostprocessing = 0;
		};
/* End PBXFrameworksBuildPhase section */

/* Begin PBXGroup section */
		F4EBC24C28B2F479003A6469 = {
			isa = PBXGroup;
			children = (
				F4EBC25728B2F479003A6469 /* ARTest1 */,
				F4EBC26E28B2F47B003A6469 /* ARTest1Tests */,
				F4EBC27828B2F47B003A6469 /* ARTest1UITests */,
				F4EBC25628B2F479003A6469 /* Products */,
			);
			sourceTree = "<group>";
		};
		F4EBC25628B2F479003A6469 /* Products */ = {
			isa = PBXGroup;
			children = (
				F4EBC25528B2F479003A6469 /* ARTest1.app */,
				F4EBC26B28B2F47B003A6469 /* ARTest1Tests.xctest */,
				F4EBC27528B2F47B003A6469 /* ARTest1UITests.xctest */,
			);
			name = Products;
			sourceTree = "<group>";
		};
		F4EBC25728B2F479003A6469 /* ARTest1 */ = {
			isa = PBXGroup;
			children = (
				F4EBC25828B2F479003A6469 /* AppDelegate.swift */,
				F4EBC25A28B2F479003A6469 /* SceneDelegate.swift */,
				F4EBC25C28B2F479003A6469 /* ViewController.swift */,
				F4EBC25E28B2F479003A6469 /* Main.storyboard */,
				F4EBC26128B2F47B003A6469 /* Assets.xcassets */,
				F4EBC26328B2F47B003A6469 /* LaunchScreen.storyboard */,
				F4EBC26628B2F47B003A6469 /* Info.plist */,
			);
			path = ARTest1;
			sourceTree = "<group>";
		};
		F4EBC26E28B2F47B003A6469 /* ARTest1Tests */ = {
			isa = PBXGroup;
			children = (
				F4EBC26F28B2F47B003A6469 /* ARTest1Tests.swift */,
			);
			path = ARTest1Tests;
			sourceTree = "<group>";
		};
		F4EBC27828B2F47B003A6469 /* ARTest1UITests */ = {
			isa = PBXGroup;
			children = (
				F4EBC27928B2F47B003A6469 /* ARTest1UITests.swift */,
				F4EBC27B28B2F47B003A6469 /* ARTest1UITestsLaunchTests.swift */,
			);
			path = ARTest1UITests;
			sourceTree = "<group>";
		};
/* End PBXGroup section */

/* Begin PBXNativeTarget section */
		F4EBC25428B2F479003A6469 /* ARTest1 */ = {
			isa = PBXNativeTarget;
			buildConfigurationList = F4EBC27F28B2F47B003A6469 /* Build configuration list for PBXNativeTarget "ARTest1" */;
			buildPhases = (
				F4EBC25128B2F479003A6469 /* Sources */,
				F4EBC25228B2F479003A6469 /* Frameworks */,
				F4EBC25328B2F479003A6469 /* Resources */,
			);
			buildRules = (
			);
			dependencies = (
			);
			name = ARTest1;
			productName = ARTest1;
			productReference = F4EBC25528B2F479003A6469 /* ARTest1.app */;
			productType = "com.apple.product-type.application";
		};
		F4EBC26A28B2F47B003A6469 /* ARTest1Tests */ = {
			isa = PBXNativeTarget;
			buildConfigurationList = F4EBC28228B2F47B003A6469 /* Build configuration list for PBXNativeTarget "ARTest1Tests" */;
			buildPhases = (
				F4EBC26728B2F47B003A6469 /* Sources */,
				F4EBC26828B2F47B003A6469 /* Frameworks */,
				F4EBC26928B2F47B003A6469 /* Resources */,
			);
			buildRules = (
			);
			dependencies = (
				F4EBC26D28B2F47B003A6469 /* PBXTargetDependency */,
			);
			name = ARTest1Tests;
			productName = ARTest1Tests;
			productReference = F4EBC26B28B2F47B003A6469 /* ARTest1Tests.xctest */;
			productType = "com.apple.product-type.bundle.unit-test";
		};
		F4EBC27428B2F47B003A6469 /* ARTest1UITests */ = {
			isa = PBXNativeTarget;
			buildConfigurationList = F4EBC28528B2F47B003A6469 /* Build configuration list for PBXNativeTarget "ARTest1UITests" */;
			buildPhases = (
				F4EBC27128B2F47B003A6469 /* Sources */,
				F4EBC27228B2F47B003A6469 /* Frameworks */,
				F4EBC27328B2F47B003A6469 /* Resources */,
			);
			buildRules = (
			);
			dependencies = (
				F4EBC27728B2F47B003A6469 /* PBXTargetDependency */,
			);
			name = ARTest1UITests;
			productName = ARTest1UITests;
			productReference = F4EBC27528B2F47B003A6469 /* ARTest1UITests.xctest */;
			productType = "com.apple.product-type.bundle.ui-testing";
		};
/* End PBXNativeTarget section */

/* Begin PBXProject section */
		F4EBC24D28B2F479003A6469 /* Project object */ = {
			isa = PBXProject;
			attributes = {
				BuildIndependentTargetsInParallel = 1;
				LastSwiftUpdateCheck = 1340;
				LastUpgradeCheck = 1340;
				TargetAttributes = {
					F4EBC25428B2F479003A6469 = {
						CreatedOnToolsVersion = 13.4.1;
					};
					F4EBC26A28B2F47B003A6469 = {
						CreatedOnToolsVersion = 13.4.1;
						TestTargetID = F4EBC25428B2F479003A6469;
					};
					F4EBC27428B2F47B003A6469 = {
						CreatedOnToolsVersion = 13.4.1;
						TestTargetID = F4EBC25428B2F479003A6469;
					};
				};
			};
			buildConfigurationList = F4EBC25028B2F479003A6469 /* Build configuration list for PBXProject "ARTest1" */;
			compatibilityVersion = "Xcode 13.0";
			developmentRegion = en;
			hasScannedForEncodings = 0;
			knownRegions = (
				en,
				Base,
			);
			mainGroup = F4EBC24C28B2F479003A6469;
			productRefGroup = F4EBC25628B2F479003A6469 /* Products */;
			projectDirPath = "";
			projectRoot = "";
			targets = (
				F4EBC25428B2F479003A6469 /* ARTest1 */,
				F4EBC26A28B2F47B003A6469 /* ARTest1Tests */,
				F4EBC27428B2F47B003A6469 /* ARTest1UITests */,
			);
		};
/* End PBXProject section */

/* Begin PBXResourcesBuildPhase section */
		F4EBC25328B2F479003A6469 /* Resources */ = {
			isa = PBXResourcesBuildPhase;
			buildActionMask = 2147483647;
			files = (
				F4EBC26528B2F47B003A6469 /* LaunchScreen.storyboard in Resources */,
				F4EBC26228B2F47B003A6469 /* Assets.xcassets in Resources */,
				F4EBC26028B2F479003A6469 /* Main.storyboard in Resources */,
			);
			runOnlyForDeploymentPostprocessing = 0;
		};
		F4EBC26928B2F47B003A6469 /* Resources */ = {
			isa = PBXResourcesBuildPhase;
			buildActionMask = 2147483647;
			files = (
			);
			runOnlyForDeploymentPostprocessing = 0;
		};
		F4EBC27328B2F47B003A6469 /* Resources */ = {
			isa = PBXResourcesBuildPhase;
			buildActionMask = 2147483647;
			files = (
			);
			runOnlyForDeploymentPostprocessing = 0;
		};
/* End PBXResourcesBuildPhase section */

/* Begin PBXSourcesBuildPhase section */
		F4EBC25128B2F479003A6469 /* Sources */ = {
			isa = PBXSourcesBuildPhase;
			buildActionMask = 2147483647;
			files = (
				F4EBC25D28B2F479003A6469 /* ViewController.swift in Sources */,
				F4EBC25928B2F479003A6469 /* AppDelegate.swift in Sources */,
				F4EBC25B28B2F479003A6469 /* SceneDelegate.swift in Sources */,
			);
			runOnlyForDeploymentPostprocessing = 0;
		};
		F4EBC26728B2F47B003A6469 /* Sources */ = {
			isa = PBXSourcesBuildPhase;
			buildActionMask = 2147483647;
			files = (
				F4EBC27028B2F47B003A6469 /* ARTest1Tests.swift in Sources */,
			);
			runOnlyForDeploymentPostprocessing = 0;
		};
		F4EBC27128B2F47B003A6469 /* Sources */ = {
			isa = PBXSourcesBuildPhase;
			buildActionMask = 2147483647;
			files = (
				F4EBC27A28B2F47B003A6469 /* ARTest1UITests.swift in Sources */,
				F4EBC27C28B2F47B003A6469 /* ARTest1UITestsLaunchTests.swift in Sources */,
			);
			runOnlyForDeploymentPostprocessing = 0;
		};
/* End PBXSourcesBuildPhase section */

/* Begin PBXTargetDependency section */
		F4EBC26D28B2F47B003A6469 /* PBXTargetDependency */ = {
			isa = PBXTargetDependency;
			target = F4EBC25428B2F479003A6469 /* ARTest1 */;
			targetProxy = F4EBC26C28B2F47B003A6469 /* PBXContainerItemProxy */;
		};
		F4EBC27728B2F47B003A6469 /* PBXTargetDependency */ = {
			isa = PBXTargetDependency;
			target = F4EBC25428B2F479003A6469 /* ARTest1 */;
			targetProxy = F4EBC27628B2F47B003A6469 /* PBXContainerItemProxy */;
		};
/* End PBXTargetDependency section */

/* Begin PBXVariantGroup section */
		F4EBC25E28B2F479003A6469 /* Main.storyboard */ = {
			isa = PBXVariantGroup;
			children = (
				F4EBC25F28B2F479003A6469 /* Base */,
			);
			name = Main.storyboard;
			sourceTree = "<group>";
		};
		F4EBC26328B2F47B003A6469 /* LaunchScreen.storyboard */ = {
			isa = PBXVariantGroup;
			children = (
				F4EBC26428B2F47B003A6469 /* Base */,
			);
			name = LaunchScreen.storyboard;
			sourceTree = "<group>";
		};
/* End PBXVariantGroup section */

/* Begin XCBuildConfiguration section */
		F4EBC27D28B2F47B003A6469 /* Debug */ = {
			isa = XCBuildConfiguration;
			buildSettings = {
				ALWAYS_SEARCH_USER_PATHS = NO;
				CLANG_ANALYZER_NONNULL = YES;
				CLANG_ANALYZER_NUMBER_OBJECT_CONVERSION = YES_AGGRESSIVE;
				CLANG_CXX_LANGUAGE_STANDARD = "gnu++17";
				CLANG_ENABLE_MODULES = YES;
				CLANG_ENABLE_OBJC_ARC = YES;
				CLANG_ENABLE_OBJC_WEAK = YES;
				CLANG_WARN_BLOCK_CAPTURE_AUTORELEASING = YES;
				CLANG_WARN_BOOL_CONVERSION = YES;
				CLANG_WARN_COMMA = YES;
				CLANG_WARN_CONSTANT_CONVERSION = YES;
				CLANG_WARN_DEPRECATED_OBJC_IMPLEMENTATIONS = YES;
				CLANG_WARN_DIRECT_OBJC_ISA_USAGE = YES_ERROR;
				CLANG_WARN_DOCUMENTATION_COMMENTS = YES;
				CLANG_WARN_EMPTY_BODY = YES;
				CLANG_WARN_ENUM_CONVERSION = YES;
				CLANG_WARN_INFINITE_RECURSION = YES;
				CLANG_WARN_INT_CONVERSION = YES;
				CLANG_WARN_NON_LITERAL_NULL_CONVERSION = YES;
				CLANG_WARN_OBJC_IMPLICIT_RETAIN_SELF = YES;
				CLANG_WARN_OBJC_LITERAL_CONVERSION = YES;
				CLANG_WARN_OBJC_ROOT_CLASS = YES_ERROR;
				CLANG_WARN_QUOTED_INCLUDE_IN_FRAMEWORK_HEADER = YES;
				CLANG_WARN_RANGE_LOOP_ANALYSIS = YES;
				CLANG_WARN_STRICT_PROTOTYPES = YES;
				CLANG_WARN_SUSPICIOUS_MOVE = YES;
				CLANG_WARN_UNGUARDED_AVAILABILITY = YES_AGGRESSIVE;
				CLANG_WARN_UNREACHABLE_CODE = YES;
				CLANG_WARN__DUPLICATE_METHOD_MATCH = YES;
				COPY_PHASE_STRIP = NO;
				DEBUG_INFORMATION_FORMAT = dwarf;
				ENABLE_STRICT_OBJC_MSGSEND = YES;
				ENABLE_TESTABILITY = YES;
				GCC_C_LANGUAGE_STANDARD = gnu11;
				GCC_DYNAMIC_NO_PIC = NO;
				GCC_NO_COMMON_BLOCKS = YES;
				GCC_OPTIMIZATION_LEVEL = 0;
				GCC_PREPROCESSOR_DEFINITIONS = (
					"DEBUG=1",
					"$(inherited)",
				);
				GCC_WARN_64_TO_32_BIT_CONVERSION = YES;
				GCC_WARN_ABOUT_RETURN_TYPE = YES_ERROR;
				GCC_WARN_UNDECLARED_SELECTOR = YES;
				GCC_WARN_UNINITIALIZED_AUTOS = YES_AGGRESSIVE;
				GCC_WARN_UNUSED_FUNCTION = YES;
				GCC_WARN_UNUSED_VARIABLE = YES;
				IPHONEOS_DEPLOYMENT_TARGET = 15.5;
				MTL_ENABLE_DEBUG_INFO = INCLUDE_SOURCE;
				MTL_FAST_MATH = YES;
				ONLY_ACTIVE_ARCH = YES;
				SDKROOT = iphoneos;
				SWIFT_ACTIVE_COMPILATION_CONDITIONS = DEBUG;
				SWIFT_OPTIMIZATION_LEVEL = "-Onone";
			};
			name = Debug;
		};
		F4EBC27E28B2F47B003A6469 /* Release */ = {
			isa = XCBuildConfiguration;
			buildSettings = {
				ALWAYS_SEARCH_USER_PATHS = NO;
				CLANG_ANALYZER_NONNULL = YES;
				CLANG_ANALYZER_NUMBER_OBJECT_CONVERSION = YES_AGGRESSIVE;
				CLANG_CXX_LANGUAGE_STANDARD = "gnu++17";
				CLANG_ENABLE_MODULES = YES;
				CLANG_ENABLE_OBJC_ARC = YES;
				CLANG_ENABLE_OBJC_WEAK = YES;
				CLANG_WARN_BLOCK_CAPTURE_AUTORELEASING = YES;
				CLANG_WARN_BOOL_CONVERSION = YES;
				CLANG_WARN_COMMA = YES;
				CLANG_WARN_CONSTANT_CONVERSION = YES;
				CLANG_WARN_DEPRECATED_OBJC_IMPLEMENTATIONS = YES;
				CLANG_WARN_DIRECT_OBJC_ISA_USAGE = YES_ERROR;
				CLANG_WARN_DOCUMENTATION_COMMENTS = YES;
				CLANG_WARN_EMPTY_BODY = YES;
				CLANG_WARN_ENUM_CONVERSION = YES;
				CLANG_WARN_INFINITE_RECURSION = YES;
				CLANG_WARN_INT_CONVERSION = YES;
				CLANG_WARN_NON_LITERAL_NULL_CONVERSION = YES;
				CLANG_WARN_OBJC_IMPLICIT_RETAIN_SELF = YES;
				CLANG_WARN_OBJC_LITERAL_CONVERSION = YES;
				CLANG_WARN_OBJC_ROOT_CLASS = YES_ERROR;
				CLANG_WARN_QUOTED_INCLUDE_IN_FRAMEWORK_HEADER = YES;
				CLANG_WARN_RANGE_LOOP_ANALYSIS = YES;
				CLANG_WARN_STRICT_PROTOTYPES = YES;
				CLANG_WARN_SUSPICIOUS_MOVE = YES;
				CLANG_WARN_UNGUARDED_AVAILABILITY = YES_AGGRESSIVE;
				CLANG_WARN_UNREACHABLE_CODE = YES;
				CLANG_WARN__DUPLICATE_METHOD_MATCH = YES;
				COPY_PHASE_STRIP = NO;
				DEBUG_INFORMATION_FORMAT = "dwarf-with-dsym";
				ENABLE_NS_ASSERTIONS = NO;
				ENABLE_STRICT_OBJC_MSGSEND = YES;
				GCC_C_LANGUAGE_STANDARD = gnu11;
				GCC_NO_COMMON_BLOCKS = YES;
				GCC_WARN_64_TO_32_BIT_CONVERSION = YES;
				GCC_WARN_ABOUT_RETURN_TYPE = YES_ERROR;
				GCC_WARN_UNDECLARED_SELECTOR = YES;
				GCC_WARN_UNINITIALIZED_AUTOS = YES_AGGRESSIVE;
				GCC_WARN_UNUSED_FUNCTION = YES;
				GCC_WARN_UNUSED_VARIABLE = YES;
				IPHONEOS_DEPLOYMENT_TARGET = 15.5;
				MTL_ENABLE_DEBUG_INFO = NO;
				MTL_FAST_MATH = YES;
				SDKROOT = iphoneos;
				SWIFT_COMPILATION_MODE = wholemodule;
				SWIFT_OPTIMIZATION_LEVEL = "-O";
				VALIDATE_PRODUCT = YES;
			};
			name = Release;
		};
		F4EBC28028B2F47B003A6469 /* Debug */ = {
			isa = XCBuildConfiguration;
			buildSettings = {
				ASSETCATALOG_COMPILER_APPICON_NAME = AppIcon;
				ASSETCATALOG_COMPILER_GLOBAL_ACCENT_COLOR_NAME = AccentColor;
				CODE_SIGN_STYLE = Automatic;
				CURRENT_PROJECT_VERSION = 1;
				DEVELOPMENT_TEAM = CU4HBZQH62;
				GENERATE_INFOPLIST_FILE = YES;
				INFOPLIST_FILE = ARTest1/Info.plist;
				INFOPLIST_KEY_UIApplicationSupportsIndirectInputEvents = YES;
				INFOPLIST_KEY_UILaunchStoryboardName = LaunchScreen;
				INFOPLIST_KEY_UIMainStoryboardFile = Main;
				INFOPLIST_KEY_UISupportedInterfaceOrientations_iPad = "UIInterfaceOrientationPortrait UIInterfaceOrientationPortraitUpsideDown UIInterfaceOrientationLandscapeLeft UIInterfaceOrientationLandscapeRight";
				INFOPLIST_KEY_UISupportedInterfaceOrientations_iPhone = "UIInterfaceOrientationPortrait UIInterfaceOrientationLandscapeLeft UIInterfaceOrientationLandscapeRight";
				LD_RUNPATH_SEARCH_PATHS = (
					"$(inherited)",
					"@executable_path/Frameworks",
				);
				MARKETING_VERSION = 1.0;
				PRODUCT_BUNDLE_IDENTIFIER = com.mkameya29.test.ARTest1;
				PRODUCT_NAME = "$(TARGET_NAME)";
				SWIFT_EMIT_LOC_STRINGS = YES;
				SWIFT_VERSION = 5.0;
				TARGETED_DEVICE_FAMILY = "1,2";
			};
			name = Debug;
		};
		F4EBC28128B2F47B003A6469 /* Release */ = {
			isa = XCBuildConfiguration;
			buildSettings = {
				ASSETCATALOG_COMPILER_APPICON_NAME = AppIcon;
				ASSETCATALOG_COMPILER_GLOBAL_ACCENT_COLOR_NAME = AccentColor;
				CODE_SIGN_STYLE = Automatic;
				CURRENT_PROJECT_VERSION = 1;
				DEVELOPMENT_TEAM = CU4HBZQH62;
				GENERATE_INFOPLIST_FILE = YES;
				INFOPLIST_FILE = ARTest1/Info.plist;
				INFOPLIST_KEY_UIApplicationSupportsIndirectInputEvents = YES;
				INFOPLIST_KEY_UILaunchStoryboardName = LaunchScreen;
				INFOPLIST_KEY_UIMainStoryboardFile = Main;
				INFOPLIST_KEY_UISupportedInterfaceOrientations_iPad = "UIInterfaceOrientationPortrait UIInterfaceOrientationPortraitUpsideDown UIInterfaceOrientationLandscapeLeft UIInterfaceOrientationLandscapeRight";
				INFOPLIST_KEY_UISupportedInterfaceOrientations_iPhone = "UIInterfaceOrientationPortrait UIInterfaceOrientationLandscapeLeft UIInterfaceOrientationLandscapeRight";
				LD_RUNPATH_SEARCH_PATHS = (
					"$(inherited)",
					"@executable_path/Frameworks",
				);
				MARKETING_VERSION = 1.0;
				PRODUCT_BUNDLE_IDENTIFIER = com.mkameya29.test.ARTest1;
				PRODUCT_NAME = "$(TARGET_NAME)";
				SWIFT_EMIT_LOC_STRINGS = YES;
				SWIFT_VERSION = 5.0;
				TARGETED_DEVICE_FAMILY = "1,2";
			};
			name = Release;
		};
		F4EBC28328B2F47B003A6469 /* Debug */ = {
			isa = XCBuildConfiguration;
			buildSettings = {
				ALWAYS_EMBED_SWIFT_STANDARD_LIBRARIES = YES;
				BUNDLE_LOADER = "$(TEST_HOST)";
				CODE_SIGN_STYLE = Automatic;
				CURRENT_PROJECT_VERSION = 1;
				DEVELOPMENT_TEAM = CU4HBZQH62;
				GENERATE_INFOPLIST_FILE = YES;
				IPHONEOS_DEPLOYMENT_TARGET = 15.5;
				MARKETING_VERSION = 1.0;
				PRODUCT_BUNDLE_IDENTIFIER = com.mkameya29.test.ARTest1Tests;
				PRODUCT_NAME = "$(TARGET_NAME)";
				SWIFT_EMIT_LOC_STRINGS = NO;
				SWIFT_VERSION = 5.0;
				TARGETED_DEVICE_FAMILY = "1,2";
				TEST_HOST = "$(BUILT_PRODUCTS_DIR)/ARTest1.app/ARTest1";
			};
			name = Debug;
		};
		F4EBC28428B2F47B003A6469 /* Release */ = {
			isa = XCBuildConfiguration;
			buildSettings = {
				ALWAYS_EMBED_SWIFT_STANDARD_LIBRARIES = YES;
				BUNDLE_LOADER = "$(TEST_HOST)";
				CODE_SIGN_STYLE = Automatic;
				CURRENT_PROJECT_VERSION = 1;
				DEVELOPMENT_TEAM = CU4HBZQH62;
				GENERATE_INFOPLIST_FILE = YES;
				IPHONEOS_DEPLOYMENT_TARGET = 15.5;
				MARKETING_VERSION = 1.0;
				PRODUCT_BUNDLE_IDENTIFIER = com.mkameya29.test.ARTest1Tests;
				PRODUCT_NAME = "$(TARGET_NAME)";
				SWIFT_EMIT_LOC_STRINGS = NO;
				SWIFT_VERSION = 5.0;
				TARGETED_DEVICE_FAMILY = "1,2";
				TEST_HOST = "$(BUILT_PRODUCTS_DIR)/ARTest1.app/ARTest1";
			};
			name = Release;
		};
		F4EBC28628B2F47B003A6469 /* Debug */ = {
			isa = XCBuildConfiguration;
			buildSettings = {
				ALWAYS_EMBED_SWIFT_STANDARD_LIBRARIES = YES;
				CODE_SIGN_STYLE = Automatic;
				CURRENT_PROJECT_VERSION = 1;
				DEVELOPMENT_TEAM = CU4HBZQH62;
				GENERATE_INFOPLIST_FILE = YES;
				MARKETING_VERSION = 1.0;
				PRODUCT_BUNDLE_IDENTIFIER = com.mkameya29.test.ARTest1UITests;
				PRODUCT_NAME = "$(TARGET_NAME)";
				SWIFT_EMIT_LOC_STRINGS = NO;
				SWIFT_VERSION = 5.0;
				TARGETED_DEVICE_FAMILY = "1,2";
				TEST_TARGET_NAME = ARTest1;
			};
			name = Debug;
		};
		F4EBC28728B2F47B003A6469 /* Release */ = {
			isa = XCBuildConfiguration;
			buildSettings = {
				ALWAYS_EMBED_SWIFT_STANDARD_LIBRARIES = YES;
				CODE_SIGN_STYLE = Automatic;
				CURRENT_PROJECT_VERSION = 1;
				DEVELOPMENT_TEAM = CU4HBZQH62;
				GENERATE_INFOPLIST_FILE = YES;
				MARKETING_VERSION = 1.0;
				PRODUCT_BUNDLE_IDENTIFIER = com.mkameya29.test.ARTest1UITests;
				PRODUCT_NAME = "$(TARGET_NAME)";
				SWIFT_EMIT_LOC_STRINGS = NO;
				SWIFT_VERSION = 5.0;
				TARGETED_DEVICE_FAMILY = "1,2";
				TEST_TARGET_NAME = ARTest1;
			};
			name = Release;
		};
/* End XCBuildConfiguration section */

/* Begin XCConfigurationList section */
		F4EBC25028B2F479003A6469 /* Build configuration list for PBXProject "ARTest1" */ = {
			isa = XCConfigurationList;
			buildConfigurations = (
				F4EBC27D28B2F47B003A6469 /* Debug */,
				F4EBC27E28B2F47B003A6469 /* Release */,
			);
			defaultConfigurationIsVisible = 0;
			defaultConfigurationName = Release;
		};
		F4EBC27F28B2F47B003A6469 /* Build configuration list for PBXNativeTarget "ARTest1" */ = {
			isa = XCConfigurationList;
			buildConfigurations = (
				F4EBC28028B2F47B003A6469 /* Debug */,
				F4EBC28128B2F47B003A6469 /* Release */,
			);
			defaultConfigurationIsVisible = 0;
			defaultConfigurationName = Release;
		};
		F4EBC28228B2F47B003A6469 /* Build configuration list for PBXNativeTarget "ARTest1Tests" */ = {
			isa = XCConfigurationList;
			buildConfigurations = (
				F4EBC28328B2F47B003A6469 /* Debug */,
				F4EBC28428B2F47B003A6469 /* Release */,
			);
			defaultConfigurationIsVisible = 0;
			defaultConfigurationName = Release;
		};
		F4EBC28528B2F47B003A6469 /* Build configuration list for PBXNativeTarget "ARTest1UITests" */ = {
			isa = XCConfigurationList;
			buildConfigurations = (
				F4EBC28628B2F47B003A6469 /* Debug */,
				F4EBC28728B2F47B003A6469 /* Release */,
			);
			defaultConfigurationIsVisible = 0;
			defaultConfigurationName = Release;
		};
/* End XCConfigurationList section */
	};
	rootObject = F4EBC24D28B2F479003A6469 /* Project object */;
}
